
Microsoft Visual Studio Solution File, Format Version 12.00
# Visual Studio Version 17
VisualStudioVersion = 17.0.31919.166
MinimumVisualStudioVersion = 10.0.40219.1
Project("{2150E333-8FDC-42A3-9474-1A3956D46DE8}") = "src", "src", "{8BFDF333-C646-4C0D-BB0C-AB4B559F981F}"
EndProject
Project("{9A19103F-16F7-4668-BE54-9A1E7A4F7556}") = "NyzoSDK.JsonRpcClient", "src\NyzoSDK.JsonRpcClient\NyzoSDK.JsonRpcClient.csproj", "{3C66B67B-FBE0-4839-A625-22D0BD47FFD6}"
EndProject
Project("{2150E333-8FDC-42A3-9474-1A3956D46DE8}") = "test", "test", "{D14F2326-C949-4470-B8F6-128674E78EDE}"
EndProject
Project("{9A19103F-16F7-4668-BE54-9A1E7A4F7556}") = "NyzoSDK.JsonRpcClient.UnitTests", "test\NyzoSDK.JsonRpcClient.UnitTests\NyzoSDK.JsonRpcClient.UnitTests.csproj", "{EED8E598-B7F6-4F63-9A03-DAF09AA61A64}"
EndProject
Project("{2150E333-8FDC-42A3-9474-1A3956D46DE8}") = "Solution Items", "Solution Items", "{9CF4643C-413A-4C3A-8044-90FF0805B238}"
	ProjectSection(SolutionItems) = preProject
		CONTRIBUTING.md = CONTRIBUTING.md
		LICENSE = LICENSE
		README.md = README.md
	EndProjectSection
EndProject
Project("{FAE04EC0-301F-11D3-BF4B-00C04F79EFBC}") = "NyzoSDK.Util", "src\NyzoSDK.Util\NyzoSDK.Util.csproj", "{461F71B3-D945-4026-815C-8FE840D5A32B}"
EndProject
Project("{FAE04EC0-301F-11D3-BF4B-00C04F79EFBC}") = "NyzoSDK.Common", "src\NyzoSDK.Common\NyzoSDK.Common.csproj", "{93580B16-2AE9-4888-974F-CE0C35AB6DB4}"
EndProject
Project("{FAE04EC0-301F-11D3-BF4B-00C04F79EFBC}") = "NyzoSDK.Util.Tests", "test\NyzoSDK.Util.Tests\NyzoSDK.Util.Tests.csproj", "{D42069DA-32AD-4CA6-9C53-13B5CA31C16F}"
EndProject
Global
	GlobalSection(SolutionConfigurationPlatforms) = preSolution
		Debug|Any CPU = Debug|Any CPU
		Release|Any CPU = Release|Any CPU
	EndGlobalSection
	GlobalSection(ProjectConfigurationPlatforms) = postSolution
		{3C66B67B-FBE0-4839-A625-22D0BD47FFD6}.Debug|Any CPU.ActiveCfg = Debug|Any CPU
		{3C66B67B-FBE0-4839-A625-22D0BD47FFD6}.Debug|Any CPU.Build.0 = Debug|Any CPU
		{3C66B67B-FBE0-4839-A625-22D0BD47FFD6}.Release|Any CPU.ActiveCfg = Release|Any CPU
		{3C66B67B-FBE0-4839-A625-22D0BD47FFD6}.Release|Any CPU.Build.0 = Release|Any CPU
		{EED8E598-B7F6-4F63-9A03-DAF09AA61A64}.Debug|Any CPU.ActiveCfg = Debug|Any CPU
		{EED8E598-B7F6-4F63-9A03-DAF09AA61A64}.Debug|Any CPU.Build.0 = Debug|Any CPU
		{EED8E598-B7F6-4F63-9A03-DAF09AA61A64}.Release|Any CPU.ActiveCfg = Release|Any CPU
		{EED8E598-B7F6-4F63-9A03-DAF09AA61A64}.Release|Any CPU.Build.0 = Release|Any CPU
		{461F71B3-D945-4026-815C-8FE840D5A32B}.Debug|Any CPU.ActiveCfg = Debug|Any CPU
		{461F71B3-D945-4026-815C-8FE840D5A32B}.Debug|Any CPU.Build.0 = Debug|Any CPU
		{461F71B3-D945-4026-815C-8FE840D5A32B}.Release|Any CPU.ActiveCfg = Release|Any CPU
		{461F71B3-D945-4026-815C-8FE840D5A32B}.Release|Any CPU.Build.0 = Release|Any CPU
		{93580B16-2AE9-4888-974F-CE0C35AB6DB4}.Debug|Any CPU.ActiveCfg = Debug|Any CPU
		{93580B16-2AE9-4888-974F-CE0C35AB6DB4}.Debug|Any CPU.Build.0 = Debug|Any CPU
		{93580B16-2AE9-4888-974F-CE0C35AB6DB4}.Release|Any CPU.ActiveCfg = Release|Any CPU
		{93580B16-2AE9-4888-974F-CE0C35AB6DB4}.Release|Any CPU.Build.0 = Release|Any CPU
		{D42069DA-32AD-4CA6-9C53-13B5CA31C16F}.Debug|Any CPU.ActiveCfg = Debug|Any CPU
		{D42069DA-32AD-4CA6-9C53-13B5CA31C16F}.Debug|Any CPU.Build.0 = Debug|Any CPU
		{D42069DA-32AD-4CA6-9C53-13B5CA31C16F}.Release|Any CPU.ActiveCfg = Release|Any CPU
		{D42069DA-32AD-4CA6-9C53-13B5CA31C16F}.Release|Any CPU.Build.0 = Release|Any CPU
	EndGlobalSection
	GlobalSection(SolutionProperties) = preSolution
		HideSolutionNode = FALSE
	EndGlobalSection
	GlobalSection(NestedProjects) = preSolution
		{3C66B67B-FBE0-4839-A625-22D0BD47FFD6} = {8BFDF333-C646-4C0D-BB0C-AB4B559F981F}
		{EED8E598-B7F6-4F63-9A03-DAF09AA61A64} = {D14F2326-C949-4470-B8F6-128674E78EDE}
		{461F71B3-D945-4026-815C-8FE840D5A32B} = {8BFDF333-C646-4C0D-BB0C-AB4B559F981F}
		{93580B16-2AE9-4888-974F-CE0C35AB6DB4} = {8BFDF333-C646-4C0D-BB0C-AB4B559F981F}
		{D42069DA-32AD-4CA6-9C53-13B5CA31C16F} = {D14F2326-C949-4470-B8F6-128674E78EDE}
	EndGlobalSection
	GlobalSection(ExtensibilityGlobals) = postSolution
		SolutionGuid = {DB3F1944-13F3-4535-B741-FB39E491D086}
	EndGlobalSection
EndGlobal
